github.com/golang/snappy v0.0.4 h1:yAGX7huGHdGhevi4f6nQQApnNV1aNnpYqXxMrQHVoA=
github.com/golang/snappy v0.0.4/go.mod h1:/XxbfmMg8lxefKM7IXC3f/eNxqVb5ZsUvD0AFqnqvM=
github.com/google/uuid v1.3.0 h1:t6JiKcqFXhYgEw7JcXPvLEwKVCnJQGTb0YDVJ2Gfvs=
github.com/google/uuid v1.3.0/go.mod h1:TIyPZe4MgqvfeYDBFedMoGGpEw/LqMQaWPK2a0uwM=
github.com/joho/godotenv v1.5.1 h1:7P4SfwW0WPLNrDAQnJ+DwkoChnDISvRSqlNdoDLLqo=
github.com/joho/godotenv v1.5.1/go.mod h1:f4LDr5Voq0i2e/R5DDNOoa2zzDfwtkZa6DxwEWR+0=
github.com/klauspost/compress v1.16.7 h1:2mk3MPGNzKyXZHra/5coKnZ3Exz1sFlfkDG+AZ/+M=
github.com/klauspost/compress v1.16.7/go.mod h1:ntbWvNcXddQGH82XvPG23IlC/cqo8g7m3q2QhSiLwg=
github.com/lib/pq v1.10.9 h1:YXG7RB+JIjhP29X+OtkiDnYaXQsRKpEtvUQYstqH9A=
github.com/lib/pq v1.10.9/go.mod h1:AlVSvNtnrg/L7DwKh+hHvIjooeV0ApnSfxddar7E=
github.com/montanaflynn/stats v0.7.0 h1:1k07PLcezDsCVW4j7g/xrAn2z1rChMV51shJ9SAWGE=
github.com/montanaflynn/stats v0.7.0/go.mod h1:etXPPgVO6n31NxCd9KQUMvCQJLw3xZ2SaV6NWuIrA=
github.com/xdg-go/pbkdf2 v1.0.0 h1:Su7DPu48wXMwC3bs7MCNG+z4FhcTv587uCkAk68hE8=
github.com/xdg-go/pbkdf2 v1.0.0/go.mod h1:jrpuAogTd400dnrH08LtunVMlshgKmOJL2MCnlMnM=
github.com/xdg-go/scram v1.1.2 h1:FHyIUcRFH/zDPVoJ/1296u1icAUaG/Michele+2Qt1I0=
github.com/xdg-go/scram v1.1.2/go.mod h1:RT/sEzTbU5y00aCOh+U0b6CFwmf3d+RT17H0zVOUfE=
github.com/xdg-go/stringprep v1.0.4 h1:XLMRadynG4CO0CNBLCaO0uTY6TCjYmnfzlvtQaCcVE=
github.com/xdg-go/stringprep v1.0.4/go.mod h1:mPGuuIYwKRjXJ+MtUwr0g3rOfnuguVs/MsJ8KqDeWE=
github.com/youmark/pkcs8 v0.0.0-20240726163527-a2c3e216e192 h1:8yNvGZXjN+nDKdHlbXZT8TjpXxL9YXFR9z0AqKJQs=
github.com/youmark/pkcs8 v0.0.0-20240726163527-a2c3e216e192/go.mod h1:aL8wQvrvW2WEICF8+Bgw51laIukonNB3fa254X71c=
go.mongodb.org/mongo-driver/v2 v2.0.0 h1:9Z7yXuD3N1R/aMqYLXh6pL0ynVfYnKVQZWDEaVrqI=
go.mongodb.org/mongo-driver/v2 v2.0.0/go.mod h1:jZtKIV0qPRJzYPXqzJYDPHqKN5Dn3OMGLJsKVEPgI=
golang.org/x/crypto v0.17.0 h1:r8bRNjWL3GshPW2xiPH95au2Ir3Z1VJRQ7neKWITMw=
golang.org/x/crypto v0.17.0/go.mod h1:gCAAfMLgwOJRpqjZxvrYQe6V7yGo/K6PJZEKlepli=
golang.org/x/sync v0.4.0 h1:zxkM55ReGkDlKSM+9IsJmqs8T1zYpYu+7H4rDlUwJ4=
golang.org/x/sync v0.4.0/go.mod h1:FU7BRWz2tNW+3quACPkgCx/L+uEAv1htQ0yQC6u4M=
golang.org/x/text v0.14.0 h1:ScX5w1eTa60QWvq6rgIvtiQY4Ky7X2snVLnRQnNsOM=
golang.org/x/text v0.14.0/go.mod h1:18ZOQIKpY8NJVqYksKHtTdi31H5itlK7XmwxQeUUVs=
gopkg.in/telebot.v4 v4.0.0 h1:3kLmVGFfKfMPdNKXpVLJhJqsIr8/yDQjVwHVhKqKLI=
gopkg.in/telebot.v4 v4.0.0/go.mod h1:Gj3R2pXQYvUNKXKMCvMvBjGMqtJPZ7nYdJYFwfXPLw=
